
Microsoft Visual Studio Solution File, Format Version 12.00
# Visual Studio Version 17
VisualStudioVersion = 17.4.33110.190
MinimumVisualStudioVersion = 10.0.40219.1
Project("{FAE04EC0-301F-11D3-BF4B-00C04F79EFBC}") = "gitapp", "gitapp\gitapp.csproj", "{7BD5E61C-8308-4D95-9E3B-DF8C0FBE0BEE}"
EndProject
Global
	GlobalSection(SolutionConfigurationPlatforms) = preSolution
		Debug|Any CPU = Debug|Any CPU
		Release|Any CPU = Release|Any CPU
	EndGlobalSection
	GlobalSection(ProjectConfigurationPlatforms) = postSolution
		{7BD5E61C-8308-4D95-9E3B-DF8C0FBE0BEE}.Debug|Any CPU.ActiveCfg = Debug|Any CPU
		{7BD5E61C-8308-4D95-9E3B-DF8C0FBE0BEE}.Debug|Any CPU.Build.0 = Debug|Any CPU
		{7BD5E61C-8308-4D95-9E3B-DF8C0FBE0BEE}.Release|Any CPU.ActiveCfg = Release|Any CPU
		{7BD5E61C-8308-4D95-9E3B-DF8C0FBE0BEE}.Release|Any CPU.Build.0 = Release|Any CPU
	EndGlobalSection
	GlobalSection(SolutionProperties) = preSolution
		HideSolutionNode = FALSE
	EndGlobalSection
	GlobalSection(ExtensibilityGlobals) = postSolution
		SolutionGuid = {81479550-1A72-4EFE-B0AB-FE195B020871}
	EndGlobalSection
EndGlobal
